// !$*UTF8*$!
{
	archiveVersion = 1;
	classes = {
	};
	objectVersion = 46;
	objects = {

/* Begin PBXBuildFile section */
		1DDD58160DA1D0A300B32029 /* MainMenu.xib in Resources */ = {isa = PBXBuildFile; fileRef = 1DDD58140DA1D0A300B32029 /* MainMenu.xib */; };
		256AC3DA0F4B6AC300CF3369 /* SimpleScreenshotAppDelegate.m in Sources */ = {isa = PBXBuildFile; fileRef = 256AC3D90F4B6AC300CF3369 /* SimpleScreenshotAppDelegate.m */; };
		8D11072B0486CEB800E47090 /* InfoPlist.strings in Resources */ = {isa = PBXBuildFile; fileRef = 089C165CFE840E0CC02AAC07 /* InfoPlist.strings */; };
		8D11072D0486CEB800E47090 /* main.m in Sources */ = {isa = PBXBuildFile; fileRef = 29B97316FDCFA39411CA2CEA /* main.m */; settings = {ATTRIBUTES = (); }; };
		8D11072F0486CEB800E47090 /* Cocoa.framework in Frameworks */ = {isa = PBXBuildFile; fileRef = 1058C7A1FEA54F0111CA2CBB /* Cocoa.framework */; };
		FA3A4FBE12A73D9A0042F6D2 /* ANKeyEvent.m in Sources */ = {isa = PBXBuildFile; fileRef = FA3A4FBB12A73D9A0042F6D2 /* ANKeyEvent.m */; };
		FA3A503C12A7404D0042F6D2 /* OpenGL.framework in Frameworks */ = {isa = PBXBuildFile; fileRef = FA3A503B12A7404D0042F6D2 /* OpenGL.framework */; };
		FA3A503E12A7404D0042F6D2 /* Quartz.framework in Frameworks */ = {isa = PBXBuildFile; fileRef = FA3A503D12A7404D0042F6D2 /* Quartz.framework */; };
		FA3A50B012A7405C0042F6D2 /* Carbon.framework in Frameworks */ = {isa = PBXBuildFile; fileRef = FA3A50AF12A7405C0042F6D2 /* Carbon.framework */; };
		FA3A50C612A740DE0042F6D2 /* icon.icns in Resources */ = {isa = PBXBuildFile; fileRef = FA3A50C512A740DE0042F6D2 /* icon.icns */; };
		FA3A511312A748630042F6D2 /* ScreenshotMaker.m in Sources */ = {isa = PBXBuildFile; fileRef = FA3A511212A748630042F6D2 /* ScreenshotMaker.m */; };
		FA647B3112AC00DB00C062E4 /* ANImageBitmapRep.m in Sources */ = {isa = PBXBuildFile; fileRef = FA647B3012AC00DB00C062E4 /* ANImageBitmapRep.m */; };
		FA9A910F1440AC3800B4D485 /* ANMultiScreenManager.m in Sources */ = {isa = PBXBuildFile; fileRef = FA9A910E1440AC3800B4D485 /* ANMultiScreenManager.m */; };
		FA9A91171440B1B900B4D485 /* CarbonAppProcess.m in Sources */ = {isa = PBXBuildFile; fileRef = FA9A91141440B1B900B4D485 /* CarbonAppProcess.m */; };
		FA9A91181440B1B900B4D485 /* FocusManager.m in Sources */ = {isa = PBXBuildFile; fileRef = FA9A91161440B1B900B4D485 /* FocusManager.m */; };
		FA9A911B1440C0AF00B4D485 /* lasso.png in Resources */ = {isa = PBXBuildFile; fileRef = FA9A911A1440C0AF00B4D485 /* lasso.png */; };
		FABAA10C13458478005C4758 /* ANImgbay.m in Sources */ = {isa = PBXBuildFile; fileRef = FABAA10B13458478005C4758 /* ANImgbay.m */; };
		FACCF83212AD92C90005524E /* SettingsController.m in Sources */ = {isa = PBXBuildFile; fileRef = FACCF83112AD92C90005524E /* SettingsController.m */; };
		FACCF83612AD99490005524E /* default.plist in Resources */ = {isa = PBXBuildFile; fileRef = FACCF83512AD99490005524E /* default.plist */; };
		FACCF93012ADA8260005524E /* KeyWindow.m in Sources */ = {isa = PBXBuildFile; fileRef = FACCF92F12ADA8260005524E /* KeyWindow.m */; };
		FAD952FF12AC1BB000B6E184 /* loader.tiff in Resources */ = {isa = PBXBuildFile; fileRef = FAD952FE12AC1BB000B6E184 /* loader.tiff */; };
		FAD9532C12AC1E2E00B6E184 /* TransView.m in Sources */ = {isa = PBXBuildFile; fileRef = FAD9532B12AC1E2E00B6E184 /* TransView.m */; };
		FAD9536612AC201B00B6E184 /* spinner.gif in Resources */ = {isa = PBXBuildFile; fileRef = FAD9536512AC201B00B6E184 /* spinner.gif */; };
		FAD9539712AC238400B6E184 /* smallicon.png in Resources */ = {isa = PBXBuildFile; fileRef = FAD9539612AC238400B6E184 /* smallicon.png */; };
/* End PBXBuildFile section */

/* Begin PBXFileReference section */
		089C165DFE840E0CC02AAC07 /* English */ = {isa = PBXFileReference; fileEncoding = 4; lastKnownFileType = text.plist.strings; name = English; path = English.lproj/InfoPlist.strings; sourceTree = "<group>"; };
		1058C7A1FEA54F0111CA2CBB /* Cocoa.framework */ = {isa = PBXFileReference; lastKnownFileType = wrapper.framework; name = Cocoa.framework; path = /System/Library/Frameworks/Cocoa.framework; sourceTree = "<absolute>"; };
		13E42FB307B3F0F600E4EEF1 /* CoreData.framework */ = {isa = PBXFileReference; lastKnownFileType = wrapper.framework; name = CoreData.framework; path = /System/Library/Frameworks/CoreData.framework; sourceTree = "<absolute>"; };
		1DDD58150DA1D0A300B32029 /* English */ = {isa = PBXFileReference; lastKnownFileType = file.xib; name = English; path = English.lproj/MainMenu.xib; sourceTree = "<group>"; };
		256AC3D80F4B6AC300CF3369 /* SimpleScreenshotAppDelegate.h */ = {isa = PBXFileReference; fileEncoding = 4; lastKnownFileType = sourcecode.c.h; path = SimpleScreenshotAppDelegate.h; sourceTree = "<group>"; };
		256AC3D90F4B6AC300CF3369 /* SimpleScreenshotAppDelegate.m */ = {isa = PBXFileReference; fileEncoding = 4; lastKnownFileType = sourcecode.c.objc; path = SimpleScreenshotAppDelegate.m; sourceTree = "<group>"; };
		256AC3F00F4B6AF500CF3369 /* SimpleScreenshot_Prefix.pch */ = {isa = PBXFileReference; fileEncoding = 4; lastKnownFileType = sourcecode.c.h; path = SimpleScreenshot_Prefix.pch; sourceTree = "<group>"; };
		29B97316FDCFA39411CA2CEA /* main.m */ = {isa = PBXFileReference; fileEncoding = 4; lastKnownFileType = sourcecode.c.objc; path = main.m; sourceTree = "<group>"; };
		29B97324FDCFA39411CA2CEA /* AppKit.framework */ = {isa = PBXFileReference; lastKnownFileType = wrapper.framework; name = AppKit.framework; path = /System/Library/Frameworks/AppKit.framework; sourceTree = "<absolute>"; };
		29B97325FDCFA39411CA2CEA /* Foundation.framework */ = {isa = PBXFileReference; lastKnownFileType = wrapper.framework; name = Foundation.framework; path = /System/Library/Frameworks/Foundation.framework; sourceTree = "<absolute>"; };
		8D1107310486CEB800E47090 /* SimpleScreenshot-Info.plist */ = {isa = PBXFileReference; fileEncoding = 4; lastKnownFileType = text.plist.xml; path = "SimpleScreenshot-Info.plist"; sourceTree = "<group>"; };
		8D1107320486CEB800E47090 /* LassoCapture.app */ = {isa = PBXFileReference; explicitFileType = wrapper.application; includeInIndex = 0; path = LassoCapture.app; sourceTree = BUILT_PRODUCTS_DIR; };
		FA3A4FBA12A73D9A0042F6D2 /* ANKeyEvent.h */ = {isa = PBXFileReference; fileEncoding = 4; lastKnownFileType = sourcecode.c.h; path = ANKeyEvent.h; sourceTree = "<group>"; };
		FA3A4FBB12A73D9A0042F6D2 /* ANKeyEvent.m */ = {isa = PBXFileReference; fileEncoding = 4; lastKnownFileType = sourcecode.c.objc; path = ANKeyEvent.m; sourceTree = "<group>"; };
		FA3A503B12A7404D0042F6D2 /* OpenGL.framework */ = {isa = PBXFileReference; lastKnownFileType = wrapper.framework; name = OpenGL.framework; path = System/Library/Frameworks/OpenGL.framework; sourceTree = SDKROOT; };
		FA3A503D12A7404D0042F6D2 /* Quartz.framework */ = {isa = PBXFileReference; lastKnownFileType = wrapper.framework; name = Quartz.framework; path = System/Library/Frameworks/Quartz.framework; sourceTree = SDKROOT; };
		FA3A50AF12A7405C0042F6D2 /* Carbon.framework */ = {isa = PBXFileReference; lastKnownFileType = wrapper.framework; name = Carbon.framework; path = System/Library/Frameworks/Carbon.framework; sourceTree = SDKROOT; };
		FA3A50C512A740DE0042F6D2 /* icon.icns */ = {isa = PBXFileReference; lastKnownFileType = image.icns; path = icon.icns; sourceTree = "<group>"; };
		FA3A511112A748630042F6D2 /* ScreenshotMaker.h */ = {isa = PBXFileReference; fileEncoding = 4; lastKnownFileType = sourcecode.c.h; path = ScreenshotMaker.h; sourceTree = "<group>"; };
		FA3A511212A748630042F6D2 /* ScreenshotMaker.m */ = {isa = PBXFileReference; fileEncoding = 4; lastKnownFileType = sourcecode.c.objc; path = ScreenshotMaker.m; sourceTree = "<group>"; };
		FA647B2F12AC00DA00C062E4 /* ANImageBitmapRep.h */ = {isa = PBXFileReference; fileEncoding = 4; lastKnownFileType = sourcecode.c.h; path = ANImageBitmapRep.h; sourceTree = "<group>"; };
		FA647B3012AC00DB00C062E4 /* ANImageBitmapRep.m */ = {isa = PBXFileReference; fileEncoding = 4; lastKnownFileType = sourcecode.c.objc; path = ANImageBitmapRep.m; sourceTree = "<group>"; };
		FA9A910D1440AC3800B4D485 /* ANMultiScreenManager.h */ = {isa = PBXFileReference; fileEncoding = 4; lastKnownFileType = sourcecode.c.h; path = ANMultiScreenManager.h; sourceTree = "<group>"; };
		FA9A910E1440AC3800B4D485 /* ANMultiScreenManager.m */ = {isa = PBXFileReference; fileEncoding = 4; lastKnownFileType = sourcecode.c.objc; path = ANMultiScreenManager.m; sourceTree = "<group>"; };
		FA9A91131440B1B900B4D485 /* CarbonAppProcess.h */ = {isa = PBXFileReference; fileEncoding = 4; lastKnownFileType = sourcecode.c.h; path = CarbonAppProcess.h; sourceTree = "<group>"; };
		FA9A91141440B1B900B4D485 /* CarbonAppProcess.m */ = {isa = PBXFileReference; fileEncoding = 4; lastKnownFileType = sourcecode.c.objc; path = CarbonAppProcess.m; sourceTree = "<group>"; };
		FA9A91151440B1B900B4D485 /* FocusManager.h */ = {isa = PBXFileReference; fileEncoding = 4; lastKnownFileType = sourcecode.c.h; path = FocusManager.h; sourceTree = "<group>"; };
		FA9A91161440B1B900B4D485 /* FocusManager.m */ = {isa = PBXFileReference; fileEncoding = 4; lastKnownFileType = sourcecode.c.objc; path = FocusManager.m; sourceTree = "<group>"; };
		FA9A911A1440C0AF00B4D485 /* lasso.png */ = {isa = PBXFileReference; lastKnownFileType = image.png; path = lasso.png; sourceTree = "<group>"; };
		FABAA10A13458478005C4758 /* ANImgbay.h */ = {isa = PBXFileReference; fileEncoding = 4; lastKnownFileType = sourcecode.c.h; path = ANImgbay.h; sourceTree = "<group>"; };
		FABAA10B13458478005C4758 /* ANImgbay.m */ = {isa = PBXFileReference; fileEncoding = 4; lastKnownFileType = sourcecode.c.objc; path = ANImgbay.m; sourceTree = "<group>"; };
		FACCF83012AD92C90005524E /* SettingsController.h */ = {isa = PBXFileReference; fileEncoding = 4; lastKnownFileType = sourcecode.c.h; path = SettingsController.h; sourceTree = "<group>"; };
		FACCF83112AD92C90005524E /* SettingsController.m */ = {isa = PBXFileReference; fileEncoding = 4; lastKnownFileType = sourcecode.c.objc; path = SettingsController.m; sourceTree = "<group>"; };
		FACCF83512AD99490005524E /* default.plist */ = {isa = PBXFileReference; fileEncoding = 4; lastKnownFileType = text.plist.xml; path = default.plist; sourceTree = "<group>"; };
		FACCF92E12ADA8260005524E /* KeyWindow.h */ = {isa = PBXFileReference; fileEncoding = 4; lastKnownFileType = sourcecode.c.h; path = KeyWindow.h; sourceTree = "<group>"; };
		FACCF92F12ADA8260005524E /* KeyWindow.m */ = {isa = PBXFileReference; fileEncoding = 4; lastKnownFileType = sourcecode.c.objc; path = KeyWindow.m; sourceTree = "<group>"; };
		FAD952FE12AC1BB000B6E184 /* loader.tiff */ = {isa = PBXFileReference; lastKnownFileType = image.tiff; path = loader.tiff; sourceTree = "<group>"; };
		FAD9532A12AC1E2E00B6E184 /* TransView.h */ = {isa = PBXFileReference; fileEncoding = 4; lastKnownFileType = sourcecode.c.h; path = TransView.h; sourceTree = "<group>"; };
		FAD9532B12AC1E2E00B6E184 /* TransView.m */ = {isa = PBXFileReference; fileEncoding = 4; lastKnownFileType = sourcecode.c.objc; path = TransView.m; sourceTree = "<group>"; };
		FAD9536512AC201B00B6E184 /* spinner.gif */ = {isa = PBXFileReference; lastKnownFileType = image.gif; path = spinner.gif; sourceTree = "<group>"; };
		FAD9539612AC238400B6E184 /* smallicon.png */ = {isa = PBXFileReference; lastKnownFileType = image.png; path = smallicon.png; sourceTree = "<group>"; };
/* End PBXFileReference section */

/* Begin PBXFrameworksBuildPhase section */
		8D11072E0486CEB800E47090 /* Frameworks */ = {
			isa = PBXFrameworksBuildPhase;
			buildActionMask = 2147483647;
			files = (
				8D11072F0486CEB800E47090 /* Cocoa.framework in Frameworks */,
				FA3A503C12A7404D0042F6D2 /* OpenGL.framework in Frameworks */,
				FA3A503E12A7404D0042F6D2 /* Quartz.framework in Frameworks */,
				FA3A50B012A7405C0042F6D2 /* Carbon.framework in Frameworks */,
			);
			runOnlyForDeploymentPostprocessing = 0;
		};
/* End PBXFrameworksBuildPhase section */

/* Begin PBXGroup section */
		080E96DDFE201D6D7F000001 /* Classes */ = {
			isa = PBXGroup;
			children = (
				FA9A91191440B1BC00B4D485 /* Focus */,
				FACCF97012ADABA60005524E /* Utilities */,
				FACCF96F12ADAB920005524E /* Custom Views */,
				256AC3D80F4B6AC300CF3369 /* SimpleScreenshotAppDelegate.h */,
				256AC3D90F4B6AC300CF3369 /* SimpleScreenshotAppDelegate.m */,
				FACCF83012AD92C90005524E /* SettingsController.h */,
				FACCF83112AD92C90005524E /* SettingsController.m */,
				FACCF92E12ADA8260005524E /* KeyWindow.h */,
				FACCF92F12ADA8260005524E /* KeyWindow.m */,
				FABAA10A13458478005C4758 /* ANImgbay.h */,
				FABAA10B13458478005C4758 /* ANImgbay.m */,
			);
			name = Classes;
			sourceTree = "<group>";
		};
		1058C7A0FEA54F0111CA2CBB /* Linked Frameworks */ = {
			isa = PBXGroup;
			children = (
				FA3A503D12A7404D0042F6D2 /* Quartz.framework */,
				FA3A503B12A7404D0042F6D2 /* OpenGL.framework */,
				1058C7A1FEA54F0111CA2CBB /* Cocoa.framework */,
				FA3A50AF12A7405C0042F6D2 /* Carbon.framework */,
			);
			name = "Linked Frameworks";
			sourceTree = "<group>";
		};
		1058C7A2FEA54F0111CA2CBB /* Other Frameworks */ = {
			isa = PBXGroup;
			children = (
				29B97324FDCFA39411CA2CEA /* AppKit.framework */,
				13E42FB307B3F0F600E4EEF1 /* CoreData.framework */,
				29B97325FDCFA39411CA2CEA /* Foundation.framework */,
			);
			name = "Other Frameworks";
			sourceTree = "<group>";
		};
		19C28FACFE9D520D11CA2CBB /* Products */ = {
			isa = PBXGroup;
			children = (
				8D1107320486CEB800E47090 /* LassoCapture.app */,
			);
			name = Products;
			sourceTree = "<group>";
		};
		29B97314FDCFA39411CA2CEA /* SimpleScreenshot */ = {
			isa = PBXGroup;
			children = (
				080E96DDFE201D6D7F000001 /* Classes */,
				29B97315FDCFA39411CA2CEA /* Other Sources */,
				29B97317FDCFA39411CA2CEA /* Resources */,
				29B97323FDCFA39411CA2CEA /* Frameworks */,
				19C28FACFE9D520D11CA2CBB /* Products */,
			);
			name = SimpleScreenshot;
			sourceTree = "<group>";
		};
		29B97315FDCFA39411CA2CEA /* Other Sources */ = {
			isa = PBXGroup;
			children = (
				256AC3F00F4B6AF500CF3369 /* SimpleScreenshot_Prefix.pch */,
				29B97316FDCFA39411CA2CEA /* main.m */,
			);
			name = "Other Sources";
			sourceTree = "<group>";
		};
		29B97317FDCFA39411CA2CEA /* Resources */ = {
			isa = PBXGroup;
			children = (
				FA9A911A1440C0AF00B4D485 /* lasso.png */,
				FAD9539612AC238400B6E184 /* smallicon.png */,
				FAD9536512AC201B00B6E184 /* spinner.gif */,
				FAD952FE12AC1BB000B6E184 /* loader.tiff */,
				FA3A50C512A740DE0042F6D2 /* icon.icns */,
				8D1107310486CEB800E47090 /* SimpleScreenshot-Info.plist */,
				089C165CFE840E0CC02AAC07 /* InfoPlist.strings */,
				1DDD58140DA1D0A300B32029 /* MainMenu.xib */,
				FACCF83512AD99490005524E /* default.plist */,
			);
			name = Resources;
			sourceTree = "<group>";
		};
		29B97323FDCFA39411CA2CEA /* Frameworks */ = {
			isa = PBXGroup;
			children = (
				1058C7A0FEA54F0111CA2CBB /* Linked Frameworks */,
				1058C7A2FEA54F0111CA2CBB /* Other Frameworks */,
			);
			name = Frameworks;
			sourceTree = "<group>";
		};
		FA9A91191440B1BC00B4D485 /* Focus */ = {
			isa = PBXGroup;
			children = (
				FA9A91131440B1B900B4D485 /* CarbonAppProcess.h */,
				FA9A91141440B1B900B4D485 /* CarbonAppProcess.m */,
				FA9A91151440B1B900B4D485 /* FocusManager.h */,
				FA9A91161440B1B900B4D485 /* FocusManager.m */,
			);
			name = Focus;
			sourceTree = "<group>";
		};
		FACCF96F12ADAB920005524E /* Custom Views */ = {
			isa = PBXGroup;
			children = (
				FA3A511112A748630042F6D2 /* ScreenshotMaker.h */,
				FA3A511212A748630042F6D2 /* ScreenshotMaker.m */,
				FAD9532A12AC1E2E00B6E184 /* TransView.h */,
				FAD9532B12AC1E2E00B6E184 /* TransView.m */,
			);
			name = "Custom Views";
			sourceTree = "<group>";
		};
		FACCF97012ADABA60005524E /* Utilities */ = {
			isa = PBXGroup;
			children = (
				FA647B2F12AC00DA00C062E4 /* ANImageBitmapRep.h */,
				FA647B3012AC00DB00C062E4 /* ANImageBitmapRep.m */,
				FA9A910D1440AC3800B4D485 /* ANMultiScreenManager.h */,
				FA9A910E1440AC3800B4D485 /* ANMultiScreenManager.m */,
				FA3A4FBA12A73D9A0042F6D2 /* ANKeyEvent.h */,
				FA3A4FBB12A73D9A0042F6D2 /* ANKeyEvent.m */,
			);
			name = Utilities;
			sourceTree = "<group>";
		};
/* End PBXGroup section */

/* Begin PBXNativeTarget section */
		8D1107260486CEB800E47090 /* LassoCapture */ = {
			isa = PBXNativeTarget;
			buildConfigurationList = C01FCF4A08A954540054247B /* Build configuration list for PBXNativeTarget "LassoCapture" */;
			buildPhases = (
				8D1107290486CEB800E47090 /* Resources */,
				8D11072C0486CEB800E47090 /* Sources */,
				8D11072E0486CEB800E47090 /* Frameworks */,
			);
			buildRules = (
			);
			dependencies = (
			);
			name = LassoCapture;
			productInstallPath = "$(HOME)/Applications";
			productName = SimpleScreenshot;
			productReference = 8D1107320486CEB800E47090 /* LassoCapture.app */;
			productType = "com.apple.product-type.application";
		};
/* End PBXNativeTarget section */

/* Begin PBXProject section */
		29B97313FDCFA39411CA2CEA /* Project object */ = {
			isa = PBXProject;
			attributes = {
				LastUpgradeCheck = 0410;
			};
			buildConfigurationList = C01FCF4E08A954540054247B /* Build configuration list for PBXProject "SimpleScreenshot" */;
			compatibilityVersion = "Xcode 3.2";
			developmentRegion = English;
			hasScannedForEncodings = 1;
			knownRegions = (
				English,
				Japanese,
				French,
				German,
			);
			mainGroup = 29B97314FDCFA39411CA2CEA /* SimpleScreenshot */;
			projectDirPath = "";
			projectRoot = "";
			targets = (
				8D1107260486CEB800E47090 /* LassoCapture */,
			);
		};
/* End PBXProject section */

/* Begin PBXResourcesBuildPhase section */
		8D1107290486CEB800E47090 /* Resources */ = {
			isa = PBXResourcesBuildPhase;
			buildActionMask = 2147483647;
			files = (
				8D11072B0486CEB800E47090 /* InfoPlist.strings in Resources */,
				1DDD58160DA1D0A300B32029 /* MainMenu.xib in Resources */,
				FA3A50C612A740DE0042F6D2 /* icon.icns in Resources */,
				FAD952FF12AC1BB000B6E184 /* loader.tiff in Resources */,
				FAD9536612AC201B00B6E184 /* spinner.gif in Resources */,
				FAD9539712AC238400B6E184 /* smallicon.png in Resources */,
				FACCF83612AD99490005524E /* default.plist in Resources */,
				FA9A911B1440C0AF00B4D485 /* lasso.png in Resources */,
			);
			runOnlyForDeploymentPostprocessing = 0;
		};
/* End PBXResourcesBuildPhase section */

/* Begin PBXSourcesBuildPhase section */
		8D11072C0486CEB800E47090 /* Sources */ = {
			isa = PBXSourcesBuildPhase;
			buildActionMask = 2147483647;
			files = (
				8D11072D0486CEB800E47090 /* main.m in Sources */,
				256AC3DA0F4B6AC300CF3369 /* SimpleScreenshotAppDelegate.m in Sources */,
				FA3A4FBE12A73D9A0042F6D2 /* ANKeyEvent.m in Sources */,
				FA3A511312A748630042F6D2 /* ScreenshotMaker.m in Sources */,
				FA647B3112AC00DB00C062E4 /* ANImageBitmapRep.m in Sources */,
				FAD9532C12AC1E2E00B6E184 /* TransView.m in Sources */,
				FACCF83212AD92C90005524E /* SettingsController.m in Sources */,
				FACCF93012ADA8260005524E /* KeyWindow.m in Sources */,
				FABAA10C13458478005C4758 /* ANImgbay.m in Sources */,
				FA9A910F1440AC3800B4D485 /* ANMultiScreenManager.m in Sources */,
				FA9A91171440B1B900B4D485 /* CarbonAppProcess.m in Sources */,
				FA9A91181440B1B900B4D485 /* FocusManager.m in Sources */,
			);
			runOnlyForDeploymentPostprocessing = 0;
		};
/* End PBXSourcesBuildPhase section */

/* Begin PBXVariantGroup section */
		089C165CFE840E0CC02AAC07 /* InfoPlist.strings */ = {
			isa = PBXVariantGroup;
			children = (
				089C165DFE840E0CC02AAC07 /* English */,
			);
			name = InfoPlist.strings;
			sourceTree = "<group>";
		};
		1DDD58140DA1D0A300B32029 /* MainMenu.xib */ = {
			isa = PBXVariantGroup;
			children = (
				1DDD58150DA1D0A300B32029 /* English */,
			);
			name = MainMenu.xib;
			sourceTree = "<group>";
		};
/* End PBXVariantGroup section */

/* Begin XCBuildConfiguration section */
		C01FCF4B08A954540054247B /* Debug */ = {
			isa = XCBuildConfiguration;
			buildSettings = {
				ALWAYS_SEARCH_USER_PATHS = NO;
				COPY_PHASE_STRIP = NO;
				GCC_DYNAMIC_NO_PIC = NO;
				GCC_MODEL_TUNING = G5;
				GCC_OPTIMIZATION_LEVEL = 0;
				GCC_PRECOMPILE_PREFIX_HEADER = YES;
				GCC_PREFIX_HEADER = SimpleScreenshot_Prefix.pch;
				INFOPLIST_FILE = "SimpleScreenshot-Info.plist";
				INSTALL_PATH = "$(HOME)/Applications";
				ONLY_ACTIVE_ARCH = YES;
				PRODUCT_NAME = LassoCapture;
				SDKROOT = macosx;
			};
			name = Debug;
		};
		C01FCF4C08A954540054247B /* Release */ = {
			isa = XCBuildConfiguration;
			buildSettings = {
				ALWAYS_SEARCH_USER_PATHS = NO;
				DEBUG_INFORMATION_FORMAT = "dwarf-with-dsym";
				GCC_MODEL_TUNING = G5;
				GCC_PRECOMPILE_PREFIX_HEADER = YES;
				GCC_PREFIX_HEADER = SimpleScreenshot_Prefix.pch;
				INFOPLIST_FILE = "SimpleScreenshot-Info.plist";
				INSTALL_PATH = "$(HOME)/Applications";
				PRODUCT_NAME = LassoCapture;
				SDKROOT = macosx;
			};
			name = Release;
		};
		C01FCF4F08A954540054247B /* Debug */ = {
			isa = XCBuildConfiguration;
			buildSettings = {
				ARCHS = "$(ARCHS_STANDARD_32_64_BIT)";
				GCC_C_LANGUAGE_STANDARD = gnu99;
				GCC_OPTIMIZATION_LEVEL = 0;
				GCC_WARN_ABOUT_RETURN_TYPE = YES;
				GCC_WARN_UNUSED_VARIABLE = YES;
				MACOSX_DEPLOYMENT_TARGET = 10.6;
				ONLY_ACTIVE_ARCH = YES;
				SDKROOT = macosx10.6;
			};
			name = Debug;
		};
		C01FCF5008A954540054247B /* Release */ = {
			isa = XCBuildConfiguration;
			buildSettings = {
				ARCHS = "$(ARCHS_STANDARD_32_64_BIT)";
				GCC_C_LANGUAGE_STANDARD = gnu99;
				GCC_WARN_ABOUT_RETURN_TYPE = YES;
				GCC_WARN_UNUSED_VARIABLE = YES;
				MACOSX_DEPLOYMENT_TARGET = 10.6;
				ONLY_ACTIVE_ARCH = YES;
				SDKROOT = macosx10.6;
			};
			name = Release;
		};
/* End XCBuildConfiguration section */

/* Begin XCConfigurationList section */
		C01FCF4A08A954540054247B /* Build configuration list for PBXNativeTarget "LassoCapture" */ = {
			isa = XCConfigurationList;
			buildConfigurations = (
				C01FCF4B08A954540054247B /* Debug */,
				C01FCF4C08A954540054247B /* Release */,
			);
			defaultConfigurationIsVisible = 0;
			defaultConfigurationName = Release;
		};
		C01FCF4E08A954540054247B /* Build configuration list for PBXProject "SimpleScreenshot" */ = {
			isa = XCConfigurationList;
			buildConfigurations = (
				C01FCF4F08A954540054247B /* Debug */,
				C01FCF5008A954540054247B /* Release */,
			);
			defaultConfigurationIsVisible = 0;
			defaultConfigurationName = Release;
		};
/* End XCConfigurationList section */
	};
	rootObject = 29B97313FDCFA39411CA2CEA /* Project object */;
}
